
Microsoft Visual Studio Solution File, Format Version 12.00
# Visual Studio Version 17
VisualStudioVersion = 17.14.36310.24
MinimumVisualStudioVersion = 10.0.40219.1
Project("{FAE04EC0-301F-11D3-BF4B-00C04F79EFBC}") = "Throttlr.Api.RateLimit", "src\Throttlr.Api.RateLimit\Throttlr.Api.RateLimit.csproj", "{0B88795F-1414-4EF3-90CB-AFCD1ABA80B5}"
EndProject
Global
	GlobalSection(SolutionConfigurationPlatforms) = preSolution
		Debug|Any CPU = Debug|Any CPU
		Release|Any CPU = Release|Any CPU
	EndGlobalSection
	GlobalSection(ProjectConfigurationPlatforms) = postSolution
		{0B88795F-1414-4EF3-90CB-AFCD1ABA80B5}.Debug|Any CPU.ActiveCfg = Debug|Any CPU
		{0B88795F-1414-4EF3-90CB-AFCD1ABA80B5}.Debug|Any CPU.Build.0 = Debug|Any CPU
		{0B88795F-1414-4EF3-90CB-AFCD1ABA80B5}.Release|Any CPU.ActiveCfg = Release|Any CPU
		{0B88795F-1414-4EF3-90CB-AFCD1ABA80B5}.Release|Any CPU.Build.0 = Release|Any CPU
	EndGlobalSection
	GlobalSection(SolutionProperties) = preSolution
		HideSolutionNode = FALSE
	EndGlobalSection
	GlobalSection(ExtensibilityGlobals) = postSolution
		SolutionGuid = {1BFCBD2C-9287-47C7-A7DC-5E7C8544AB7F}
	EndGlobalSection
EndGlobal
